
Microsoft Visual Studio Solution File, Format Version 12.00
# Visual Studio 2013
VisualStudioVersion = 12.0.40629.0
MinimumVisualStudioVersion = 10.0.40219.1
Project("{A0786B88-2ADB-4C21-ABE8-AA2D79766269}") = "HomeServerPortal", "HomeServerPortal.phpproj", "{2E78B8B0-05F0-4765-9118-CF83B7BC2B25}"
EndProject
Global
	GlobalSection(SolutionConfigurationPlatforms) = preSolution
		Debug|Any CPU = Debug|Any CPU
		Release|Any CPU = Release|Any CPU
	EndGlobalSection
	GlobalSection(ProjectConfigurationPlatforms) = postSolution
		{2E78B8B0-05F0-4765-9118-CF83B7BC2B25}.Debug|Any CPU.ActiveCfg = Debug|Any CPU
		{2E78B8B0-05F0-4765-9118-CF83B7BC2B25}.Debug|Any CPU.Build.0 = Debug|Any CPU
		{2E78B8B0-05F0-4765-9118-CF83B7BC2B25}.Release|Any CPU.ActiveCfg = Release|Any CPU
		{2E78B8B0-05F0-4765-9118-CF83B7BC2B25}.Release|Any CPU.Build.0 = Release|Any CPU
	EndGlobalSection
	GlobalSection(SolutionProperties) = preSolution
		HideSolutionNode = FALSE
	EndGlobalSection
EndGlobal
