{
	"name": "chell-php-portal",
	"version": "1.2.0",
	"lockfileVersion": 1,
	"requires": true,
	"dependencies": {
		"@duosecurity/duo_web": {
			"version": "1.0.5",
			"resolved": "https://registry.npmjs.org/@duosecurity/duo_web/-/duo_web-1.0.5.tgz",
			"integrity": "sha512-7OTiQqRB4XnLhFsR2DtZw58zLNBb2oALU+/w9f8RQE0GAOwrdXbQOIBtikxLO4lIBY76eerBkJpvHpygOFFX+A=="
		},
		"@fancyapps/fancybox": {
			"version": "3.5.7",
			"resolved": "https://registry.npmjs.org/@fancyapps/fancybox/-/fancybox-3.5.7.tgz",
			"integrity": "sha512-rcEtu8t+WnmqIDV/Wfm1yvy/nDdwc7YV25j9HLxGC2/WOsUhk9rcWg2nB8g1BrjRt9zaoADdjHTU6ILYTJzBBg=="
		},
		"@fortawesome/fontawesome-free": {
			"version": "5.15.2",
			"resolved": "https://registry.npmjs.org/@fortawesome/fontawesome-free/-/fontawesome-free-5.15.2.tgz",
			"integrity": "sha512-7l/AX41m609L/EXI9EKH3Vs3v0iA8tKlIOGtw+kgcoanI7p+e4I4GYLqW3UXWiTnjSFymKSmTTPKYrivzbxxqA=="
		},
		"@types/fancybox": {
			"version": "3.5.2",
			"resolved": "https://registry.npmjs.org/@types/fancybox/-/fancybox-3.5.2.tgz",
			"integrity": "sha512-xjUOKP5KfN9VjRZjnLrfsalNNik6rt8kns/6Ovv0SDR5te8GPN3buWhZNjCUgn1lHxOo1BZOOb7peDAAkZvoyw==",
			"dev": true,
			"requires": {
				"@types/jquery": "*"
			}
		},
		"@types/jquery": {
			"version": "3.5.5",
			"resolved": "https://registry.npmjs.org/@types/jquery/-/jquery-3.5.5.tgz",
			"integrity": "sha512-6RXU9Xzpc6vxNrS6FPPapN1SxSHgQ336WC6Jj/N8q30OiaBZ00l1GBgeP7usjVZPivSkGUfL1z/WW6TX989M+w==",
			"dev": true,
			"requires": {
				"@types/sizzle": "*"
			}
		},
		"@types/sizzle": {
			"version": "2.3.2",
			"resolved": "https://registry.npmjs.org/@types/sizzle/-/sizzle-2.3.2.tgz",
			"integrity": "sha512-7EJYyKTL7tFR8+gDbB6Wwz/arpGa0Mywk1TJbNzKzHtzbwVmY4HR9WqS5VV7dsBUKQmPNr192jHr/VpBluj/hg==",
			"dev": true
		},
		"bootstrap-sass": {
			"version": "3.4.1",
			"resolved": "https://registry.npmjs.org/bootstrap-sass/-/bootstrap-sass-3.4.1.tgz",
			"integrity": "sha512-p5rxsK/IyEDQm2CwiHxxUi0MZZtvVFbhWmyMOt4lLkA4bujDA1TGoKT0i1FKIWiugAdP+kK8T5KMDFIKQCLYIA=="
		},
		"bootstrap-select": {
			"version": "1.13.18",
			"resolved": "https://registry.npmjs.org/bootstrap-select/-/bootstrap-select-1.13.18.tgz",
			"integrity": "sha512-V1IzK4rxBq5FrJtkzSH6RmFLFBsjx50byFbfAf8jYyXROWs7ZpprGjdHeoyq2HSsHyjJhMMwjsQhRoYAfxCGow=="
		},
		"bootstrap-tabcollapse": {
			"version": "0.2.6",
			"resolved": "https://registry.npmjs.org/bootstrap-tabcollapse/-/bootstrap-tabcollapse-0.2.6.tgz",
			"integrity": "sha1-R1utljAgwpAFGYSLJNY8S+cFDX8="
		},
		"bootstrap-toggle": {
			"version": "2.2.2",
			"resolved": "https://registry.npmjs.org/bootstrap-toggle/-/bootstrap-toggle-2.2.2.tgz",
			"integrity": "sha1-K4hTT8G5mGdPh3+Yug2LW3Q+lv4="
		},
		"bootstrap-touchspin": {
			"version": "4.3.0",
			"resolved": "https://registry.npmjs.org/bootstrap-touchspin/-/bootstrap-touchspin-4.3.0.tgz",
			"integrity": "sha512-jLynvVHYknc5c+90K0CTHzXADKxFGNCqD4u2N5MZwWuVNy2MovNRyKWGa/puuSebkdIFCqydVkziGWclhx3KKA=="
		},
		"chartist": {
			"version": "0.11.4",
			"resolved": "https://registry.npmjs.org/chartist/-/chartist-0.11.4.tgz",
			"integrity": "sha512-H4AimxaUD738/u9Mq8t27J4lh6STsLi4BQHt65nOtpLk3xyrBPaLiLMrHw7/WV9CmsjGA02WihjuL5qpSagLYw=="
		},
		"chartist-plugin-legend": {
			"version": "0.6.2",
			"resolved": "https://registry.npmjs.org/chartist-plugin-legend/-/chartist-plugin-legend-0.6.2.tgz",
			"integrity": "sha1-U78ncd3B3CiMirwWwVF4jwt1AkQ="
		},
		"clipboard": {
			"version": "2.0.6",
			"resolved": "https://registry.npmjs.org/clipboard/-/clipboard-2.0.6.tgz",
			"integrity": "sha512-g5zbiixBRk/wyKakSwCKd7vQXDjFnAMGHoEyBogG/bw9kTD9GvdAvaoRR1ALcEzt3pVKxZR0pViekPMIS0QyGg==",
			"optional": true,
			"requires": {
				"good-listener": "^1.2.2",
				"select": "^1.1.2",
				"tiny-emitter": "^2.0.0"
			}
		},
		"delegate": {
			"version": "3.2.0",
			"resolved": "https://registry.npmjs.org/delegate/-/delegate-3.2.0.tgz",
			"integrity": "sha512-IofjkYBZaZivn0V8nnsMJGBr4jVLxHDheKSW88PyxS5QC4Vo9ZbZVvhzlSxY87fVq3STR6r+4cGepyHkcWOQSw==",
			"optional": true
		},
		"good-listener": {
			"version": "1.2.2",
			"resolved": "https://registry.npmjs.org/good-listener/-/good-listener-1.2.2.tgz",
			"integrity": "sha1-1TswzfkxPf+33JoNR3CWqm0UXFA=",
			"optional": true,
			"requires": {
				"delegate": "^3.1.2"
			}
		},
		"jquery": {
			"version": "3.6.0",
			"resolved": "https://registry.npmjs.org/jquery/-/jquery-3.6.0.tgz",
			"integrity": "sha512-JVzAR/AjBvVt2BmYhxRCSYysDsPcssdmTFnzyLEts9qNwmjmu4JTAMYubEfwVOSwpQ1I1sKKFcxhZCI2buerfw=="
		},
		"jquery-fullscreen-plugin": {
			"version": "1.1.5",
			"resolved": "https://registry.npmjs.org/jquery-fullscreen-plugin/-/jquery-fullscreen-plugin-1.1.5.tgz",
			"integrity": "sha512-/kGQZmXlIRIgS6sHmFwHqYDSH46NvksuUGDN3o/o8z+IED23JFHj8rRv53Ee1zsN04SMnb3jQKyDS0RvXN52Xg==",
			"requires": {
				"jquery": ">=1.5"
			}
		},
		"jquery-tinytimer": {
			"version": "0.1.4",
			"resolved": "https://registry.npmjs.org/jquery-tinytimer/-/jquery-tinytimer-0.1.4.tgz",
			"integrity": "sha512-LdgT/bDns4l8jwxHPikNbEahgP2r2zXwVeQFeD0Gm1KFI2xFSdocPzGk9O/6N0SVB7i+eXYWZ1c2wGAk8lJPRw==",
			"requires": {
				"jquery": ">=1.7"
			}
		},
		"jquery.isloading": {
			"version": "github:joszz/is-loading#0ed2e3f8ac71dffab17e6de26cb2faaac2fb5fb8",
			"from": "github:joszz/is-loading"
		},
		"jquery.shorten": {
			"version": "github:joszz/jquery-shorten#a74dab0e83d11d8a3e95ad042ff1e7bfdd79e300",
			"from": "github:joszz/jquery-shorten"
		},
		"jquery.vibrate": {
			"version": "github:Illyism/jquery.vibrate.js#2cfe8fdc430c07b4ca864b7e4079acaf0b15237c",
			"from": "github:Illyism/jquery.vibrate.js"
		},
		"prismjs": {
			"version": "1.23.0",
			"resolved": "https://registry.npmjs.org/prismjs/-/prismjs-1.23.0.tgz",
			"integrity": "sha512-c29LVsqOaLbBHuIbsTxaKENh1N2EQBOHaWv7gkHN4dgRbxSREqDnDbtFJYdpPauS4YCplMSNCABQ6Eeor69bAA==",
			"requires": {
				"clipboard": "^2.0.0"
			}
		},
		"responsive-paginate": {
			"version": "github:joszz/rpage#fe3ad1ae3be9e84f394b36859cdf2c4cb5ac5de4",
			"from": "github:joszz/rpage"
		},
		"select": {
			"version": "1.1.2",
			"resolved": "https://registry.npmjs.org/select/-/select-1.1.2.tgz",
			"integrity": "sha1-DnNQrN7ICxEIUoeG7B1EGNEbOW0=",
			"optional": true
		},
		"spark-md5": {
			"version": "3.0.1",
			"resolved": "https://registry.npmjs.org/spark-md5/-/spark-md5-3.0.1.tgz",
			"integrity": "sha512-0tF3AGSD1ppQeuffsLDIOWlKUd3lS92tFxcsrh5Pe3ZphhnoK+oXIBTzOAThZCiuINZLvpiLH/1VS1/ANEJVig=="
		},
		"speedtest": {
			"version": "github:joszz/speedtest#9d382a5787658b722f2572312a959e6eb602d5f9",
			"from": "github:joszz/speedtest"
		},
		"tiny-emitter": {
			"version": "2.1.0",
			"resolved": "https://registry.npmjs.org/tiny-emitter/-/tiny-emitter-2.1.0.tgz",
			"integrity": "sha512-NB6Dk1A9xgQPMoGqC5CVXn123gWyte215ONT5Pp5a0yt4nlEoO1ZWeCwpncaekPHXO60i47ihFnZPiRPjRMq4Q==",
			"optional": true
		},
		"waves": {
			"version": "github:joszz/waves#d740fb932561dce36d8e8c82b34229acc4546bed",
			"from": "github:joszz/waves"
		},
		"webauthn": {
			"version": "github:joszz/webauthn#52204e4d3a0629a9ae10b044a72099f73cd499b5",
			"from": "github:joszz/webauthn"
		}
	}
}
