{
    "_readme": [
        "This file locks the dependencies of your project to a known state",
        "Read more about it at https://getcomposer.org/doc/01-basic-usage.md#installing-dependencies",
        "This file is @generated automatically"
    ],
    "content-hash": "980564c4c60a4bd0ad6c74a28f26399c",
    "packages": [
        {
            "name": "2tvenom/cborencode",
            "version": "1.0.2",
            "source": {
                "type": "git",
                "url": "https://github.com/2tvenom/CBOREncode.git",
                "reference": "42aedccb861d01fc0554782348cc08f8ebf22332"
            },
            "dist": {
                "type": "zip",
                "url": "https://api.github.com/repos/2tvenom/CBOREncode/zipball/42aedccb861d01fc0554782348cc08f8ebf22332",
                "reference": "42aedccb861d01fc0554782348cc08f8ebf22332",
                "shasum": ""
            },
            "require": {
                "php": ">=5.4.0"
            },
            "type": "library",
            "autoload": {
                "psr-0": {
                    "CBOR": "src"
                }
            },
            "notification-url": "https://packagist.org/downloads/",
            "license": [
                "PHP"
            ],
            "authors": [
                {
                    "name": "Pavel <Ven> Gulbin",
                    "email": "2tvenom@gmail.com",
                    "role": "Developer"
                }
            ],
            "description": "CBOR encoder for PHP",
            "homepage": "https://github.com/2tvenom/CBOREncode",
            "keywords": [
                "cbor"
            ],
            "support": {
                "issues": "https://github.com/2tvenom/CBOREncode/issues",
                "source": "https://github.com/2tvenom/CBOREncode/tree/1.0.2"
            },
            "time": "2020-10-27T07:22:41+00:00"
        },
        {
            "name": "davidearl/webauthn",
            "version": "dev-master",
            "source": {
                "type": "git",
                "url": "https://github.com/davidearl/webauthn.git",
                "reference": "995c8b39abef377791dc78b2c815f08b416100fc"
            },
            "dist": {
                "type": "zip",
                "url": "https://api.github.com/repos/davidearl/webauthn/zipball/995c8b39abef377791dc78b2c815f08b416100fc",
                "reference": "995c8b39abef377791dc78b2c815f08b416100fc",
                "shasum": ""
            },
            "require": {
                "2tvenom/cborencode": "^1.0",
                "php": ">=5.6.0",
                "phpseclib/phpseclib": "~2.0"
            },
            "require-dev": {
                "atoum/atoum": "^3.3"
            },
            "default-branch": true,
            "type": "library",
            "autoload": {
                "psr-4": {
                    "Davidearl\\WebAuthn\\": "WebAuthn"
                }
            },
            "notification-url": "https://packagist.org/downloads/",
            "license": [
                "MIT"
            ],
            "authors": [
                {
                    "name": "David Earl"
                }
            ],
            "description": "An implementation of webauthn in PHP on the server side (e.g Yubico 2 and Google Titan keys)",
            "support": {
                "issues": "https://github.com/davidearl/webauthn/issues",
                "source": "https://github.com/davidearl/webauthn/tree/master"
            },
            "time": "2021-04-10T10:43:48+00:00"
        },
        {
            "name": "duosecurity/duo_php",
            "version": "1.0.1",
            "source": {
                "type": "git",
                "url": "https://github.com/duosecurity/duo_php.git",
                "reference": "3bd5132fd409ebb893b615f060fa6132922848d3"
            },
            "dist": {
                "type": "zip",
                "url": "https://api.github.com/repos/duosecurity/duo_php/zipball/3bd5132fd409ebb893b615f060fa6132922848d3",
                "reference": "3bd5132fd409ebb893b615f060fa6132922848d3",
                "shasum": ""
            },
            "require": {
                "php": ">=5.6"
            },
            "require-dev": {
                "phpunit/phpunit": "~5.7",
                "satooshi/php-coveralls": "dev-master",
                "squizlabs/php_codesniffer": "2.*"
            },
            "suggest": {
                "duosecurity/duo_api_php": "Needed to support WebSDKv2 authentications"
            },
            "type": "library",
            "autoload": {
                "psr-4": {
                    "Duo\\": "src/"
                }
            },
            "notification-url": "https://packagist.org/downloads/",
            "description": "A PHP implementation of the Duo Web SDK.",
            "homepage": "https://duo.com/",
            "support": {
                "email": "support@duosecurity.com",
                "source": "https://github.com/duosecurity/duo_php/tree/1.0.1"
            },
            "time": "2020-01-08T21:14:20+00:00"
        },
        {
            "name": "phpseclib/phpseclib",
            "version": "2.0.32",
            "source": {
                "type": "git",
                "url": "https://github.com/phpseclib/phpseclib.git",
                "reference": "f5c4c19880d45d0be3e7d24ae8ac434844a898cd"
            },
            "dist": {
                "type": "zip",
                "url": "https://api.github.com/repos/phpseclib/phpseclib/zipball/f5c4c19880d45d0be3e7d24ae8ac434844a898cd",
                "reference": "f5c4c19880d45d0be3e7d24ae8ac434844a898cd",
                "shasum": ""
            },
            "require": {
                "php": ">=5.3.3"
            },
            "require-dev": {
                "phing/phing": "~2.7",
                "phpunit/phpunit": "^4.8.35|^5.7|^6.0|^9.4",
                "squizlabs/php_codesniffer": "~2.0"
            },
            "suggest": {
                "ext-gmp": "Install the GMP (GNU Multiple Precision) extension in order to speed up arbitrary precision integer arithmetic operations.",
                "ext-libsodium": "SSH2/SFTP can make use of some algorithms provided by the libsodium-php extension.",
                "ext-mcrypt": "Install the Mcrypt extension in order to speed up a few other cryptographic operations.",
                "ext-openssl": "Install the OpenSSL extension in order to speed up a wide variety of cryptographic operations."
            },
            "type": "library",
            "autoload": {
                "files": [
                    "phpseclib/bootstrap.php"
                ],
                "psr-4": {
                    "phpseclib\\": "phpseclib/"
                }
            },
            "notification-url": "https://packagist.org/downloads/",
            "license": [
                "MIT"
            ],
            "authors": [
                {
                    "name": "Jim Wigginton",
                    "email": "terrafrost@php.net",
                    "role": "Lead Developer"
                },
                {
                    "name": "Patrick Monnerat",
                    "email": "pm@datasphere.ch",
                    "role": "Developer"
                },
                {
                    "name": "Andreas Fischer",
                    "email": "bantu@phpbb.com",
                    "role": "Developer"
                },
                {
                    "name": "Hans-Jürgen Petrich",
                    "email": "petrich@tronic-media.com",
                    "role": "Developer"
                },
                {
                    "name": "Graham Campbell",
                    "email": "graham@alt-three.com",
                    "role": "Developer"
                }
            ],
            "description": "PHP Secure Communications Library - Pure-PHP implementations of RSA, AES, SSH2, SFTP, X.509 etc.",
            "homepage": "http://phpseclib.sourceforge.net",
            "keywords": [
                "BigInteger",
                "aes",
                "asn.1",
                "asn1",
                "blowfish",
                "crypto",
                "cryptography",
                "encryption",
                "rsa",
                "security",
                "sftp",
                "signature",
                "signing",
                "ssh",
                "twofish",
                "x.509",
                "x509"
            ],
            "support": {
                "issues": "https://github.com/phpseclib/phpseclib/issues",
                "source": "https://github.com/phpseclib/phpseclib/tree/2.0.32"
            },
            "funding": [
                {
                    "url": "https://github.com/terrafrost",
                    "type": "github"
                },
                {
                    "url": "https://www.patreon.com/phpseclib",
                    "type": "patreon"
                },
                {
                    "url": "https://tidelift.com/funding/github/packagist/phpseclib/phpseclib",
                    "type": "tidelift"
                }
            ],
            "time": "2021-06-12T12:12:59+00:00"
        }
    ],
    "packages-dev": [
        {
            "name": "phalcon/ide-stubs",
            "version": "v4.1.0",
            "source": {
                "type": "git",
                "url": "https://github.com/phalcon/ide-stubs.git",
                "reference": "77384e4f42542f11b065b2a860b9bca2ea20ad5a"
            },
            "dist": {
                "type": "zip",
                "url": "https://api.github.com/repos/phalcon/ide-stubs/zipball/77384e4f42542f11b065b2a860b9bca2ea20ad5a",
                "reference": "77384e4f42542f11b065b2a860b9bca2ea20ad5a",
                "shasum": ""
            },
            "require": {
                "php": ">=7.2.0"
            },
            "require-dev": {
                "squizlabs/php_codesniffer": "3.*",
                "vimeo/psalm": "^3.4"
            },
            "type": "library",
            "notification-url": "https://packagist.org/downloads/",
            "license": [
                "BSD-3-Clause"
            ],
            "authors": [
                {
                    "name": "Phalcon Team",
                    "email": "team@phalcon.io",
                    "homepage": "https://phalcon.io/en-us/team"
                },
                {
                    "name": "Contributors",
                    "homepage": "https://github.com/phalcon/ide-stubs/graphs/contributors"
                }
            ],
            "description": "The most complete Phalcon Framework IDE stubs library which enables autocompletion in modern IDEs.",
            "homepage": "https://phalcon.io",
            "keywords": [
                "Devtools",
                "Eclipse",
                "autocomplete",
                "ide",
                "netbeans",
                "phalcon",
                "phpstorm",
                "stub",
                "stubs"
            ],
            "support": {
                "forum": "https://forum.phalcon.io/",
                "issues": "https://github.com/phalcon/ide-stubs/issues",
                "source": "https://github.com/phalcon/ide-stubs"
            },
            "funding": [
                {
                    "url": "https://github.com/phalcon",
                    "type": "github"
                },
                {
                    "url": "https://opencollective.com/phalcon",
                    "type": "open_collective"
                }
            ],
            "time": "2020-11-13T10:58:11+00:00"
        }
    ],
    "aliases": [],
    "minimum-stability": "stable",
    "stability-flags": {
        "davidearl/webauthn": 20
    },
    "prefer-stable": false,
    "prefer-lowest": false,
    "platform": [],
    "platform-dev": [],
    "plugin-api-version": "2.1.0"
}
